
Microsoft Visual Studio Solution File, Format Version 12.00
# Visual Studio 2012
Project("{FAE04EC0-301F-11D3-BF4B-00C04F79EFBC}") = "UserProfileProject", "UserProfileProject\UserProfileProject.csproj", "{0FF51B20-843C-42E7-A1D1-A8CF83E5D28F}"
EndProject
Global
	GlobalSection(SolutionConfigurationPlatforms) = preSolution
		Debug|Any CPU = Debug|Any CPU
		Release|Any CPU = Release|Any CPU
	EndGlobalSection
	GlobalSection(ProjectConfigurationPlatforms) = postSolution
		{0FF51B20-843C-42E7-A1D1-A8CF83E5D28F}.Debug|Any CPU.ActiveCfg = Debug|Any CPU
		{0FF51B20-843C-42E7-A1D1-A8CF83E5D28F}.Debug|Any CPU.Build.0 = Debug|Any CPU
		{0FF51B20-843C-42E7-A1D1-A8CF83E5D28F}.Release|Any CPU.ActiveCfg = Release|Any CPU
		{0FF51B20-843C-42E7-A1D1-A8CF83E5D28F}.Release|Any CPU.Build.0 = Release|Any CPU
	EndGlobalSection
	GlobalSection(SolutionProperties) = preSolution
		HideSolutionNode = FALSE
	EndGlobalSection
EndGlobal
